
Microsoft Visual Studio Solution File, Format Version 12.00
# Visual Studio Version 16
VisualStudioVersion = 25.0.1700.1
MinimumVisualStudioVersion = 10.0.40219.1
Project("{FAE04EC0-301F-11D3-BF4B-00C04F79EFBC}") = "nombreMagique", "nombreMagique\nombreMagique.csproj", "{C5515EA5-DC1F-4C45-9AB5-9B6A2594CFCA}"
EndProject
Global
	GlobalSection(SolutionConfigurationPlatforms) = preSolution
		Debug|Any CPU = Debug|Any CPU
		Release|Any CPU = Release|Any CPU
	EndGlobalSection
	GlobalSection(ProjectConfigurationPlatforms) = postSolution
		{C5515EA5-DC1F-4C45-9AB5-9B6A2594CFCA}.Debug|Any CPU.ActiveCfg = Debug|Any CPU
		{C5515EA5-DC1F-4C45-9AB5-9B6A2594CFCA}.Debug|Any CPU.Build.0 = Debug|Any CPU
		{C5515EA5-DC1F-4C45-9AB5-9B6A2594CFCA}.Release|Any CPU.ActiveCfg = Release|Any CPU
		{C5515EA5-DC1F-4C45-9AB5-9B6A2594CFCA}.Release|Any CPU.Build.0 = Release|Any CPU
	EndGlobalSection
	GlobalSection(SolutionProperties) = preSolution
		HideSolutionNode = FALSE
	EndGlobalSection
	GlobalSection(ExtensibilityGlobals) = postSolution
		SolutionGuid = {D0D6C27C-89D3-4AF5-9734-88E2BA7E447B}
	EndGlobalSection
EndGlobal
